{
    "_readme": [
        "This file is @generated automatically",
        "You may commit this file to version control"
    ],
    "content-hash": "autohimiki-kz-generated-from-install-log",
    "packages": [
        {
            "name": "blade-ui-kit/blade-heroicons",
            "version": "2.7.0"
        },
        {
            "name": "blade-ui-kit/blade-icons",
            "version": "1.10.0"
        },
        {
            "name": "brick/math",
            "version": "0.14.8"
        },
        {
            "name": "carbonphp/carbon-doctrine-types",
            "version": "3.2.0"
        },
        {
            "name": "chillerlan/php-qrcode",
            "version": "5.0.5"
        },
        {
            "name": "chillerlan/php-settings-container",
            "version": "3.3.0"
        },
        {
            "name": "danharrin/date-format-converter",
            "version": "v0.3.1"
        },
        {
            "name": "danharrin/livewire-rate-limiting",
            "version": "v2.2.0"
        },
        {
            "name": "dflydev/dot-access-data",
            "version": "v3.0.3"
        },
        {
            "name": "doctrine/inflector",
            "version": "2.1.0"
        },
        {
            "name": "doctrine/lexer",
            "version": "3.0.1"
        },
        {
            "name": "dragonmantank/cron-expression",
            "version": "v3.6.0"
        },
        {
            "name": "egulias/email-validator",
            "version": "4.0.4"
        },
        {
            "name": "filament/actions",
            "version": "v4.11.6"
        },
        {
            "name": "filament/filament",
            "version": "v4.11.6"
        },
        {
            "name": "filament/forms",
            "version": "v4.11.6"
        },
        {
            "name": "filament/infolists",
            "version": "v4.11.6"
        },
        {
            "name": "filament/notifications",
            "version": "v4.11.6"
        },
        {
            "name": "filament/query-builder",
            "version": "v4.11.6"
        },
        {
            "name": "filament/schemas",
            "version": "v4.11.6"
        },
        {
            "name": "filament/support",
            "version": "v4.11.6"
        },
        {
            "name": "filament/tables",
            "version": "v4.11.6"
        },
        {
            "name": "filament/widgets",
            "version": "v4.11.6"
        },
        {
            "name": "fruitcake/php-cors",
            "version": "v1.4.0"
        },
        {
            "name": "guzzlehttp/guzzle",
            "version": "7.11.0"
        },
        {
            "name": "guzzlehttp/promises",
            "version": "2.5.0"
        },
        {
            "name": "guzzlehttp/psr7",
            "version": "2.11.0"
        },
        {
            "name": "guzzlehttp/uri-template",
            "version": "v1.0.6"
        },
        {
            "name": "intervention/gif",
            "version": "4.2.4"
        },
        {
            "name": "intervention/image",
            "version": "3.11.8"
        },
        {
            "name": "intervention/image-laravel",
            "version": "1.5.9"
        },
        {
            "name": "kirschbaum-development/eloquent-power-joins",
            "version": "4.3.2"
        },
        {
            "name": "laravel/framework",
            "version": "v12.61.1"
        },
        {
            "name": "laravel/prompts",
            "version": "v0.3.18"
        },
        {
            "name": "laravel/serializable-closure",
            "version": "v2.0.13"
        },
        {
            "name": "laravel/tinker",
            "version": "v2.11.1"
        },
        {
            "name": "league/commonmark",
            "version": "2.8.2"
        },
        {
            "name": "league/config",
            "version": "v1.2.0"
        },
        {
            "name": "league/csv",
            "version": "9.28.0"
        },
        {
            "name": "league/flysystem",
            "version": "3.34.0"
        },
        {
            "name": "league/flysystem-local",
            "version": "3.31.0"
        },
        {
            "name": "league/mime-type-detection",
            "version": "1.16.0"
        },
        {
            "name": "league/uri",
            "version": "7.8.1"
        },
        {
            "name": "league/uri-components",
            "version": "7.8.1"
        },
        {
            "name": "league/uri-interfaces",
            "version": "7.8.1"
        },
        {
            "name": "livewire/livewire",
            "version": "v3.8.1"
        },
        {
            "name": "masterminds/html5",
            "version": "2.10.0"
        },
        {
            "name": "monolog/monolog",
            "version": "3.10.0"
        },
        {
            "name": "nesbot/carbon",
            "version": "3.11.4"
        },
        {
            "name": "nette/php-generator",
            "version": "v4.2.2"
        },
        {
            "name": "nette/schema",
            "version": "v1.3.5"
        },
        {
            "name": "nette/utils",
            "version": "v4.1.4"
        },
        {
            "name": "nikic/php-parser",
            "version": "v5.7.0"
        },
        {
            "name": "nunomaduro/termwind",
            "version": "v2.4.0"
        },
        {
            "name": "openspout/openspout",
            "version": "v4.32.0"
        },
        {
            "name": "paragonie/constant_time_encoding",
            "version": "v3.1.3"
        },
        {
            "name": "phpoption/phpoption",
            "version": "1.9.5"
        },
        {
            "name": "pragmarx/google2fa",
            "version": "v9.0.0"
        },
        {
            "name": "pragmarx/google2fa-qrcode",
            "version": "v4.0.0"
        },
        {
            "name": "psr/clock",
            "version": "1.0.0"
        },
        {
            "name": "psr/container",
            "version": "2.0.2"
        },
        {
            "name": "psr/event-dispatcher",
            "version": "1.0.0"
        },
        {
            "name": "psr/http-client",
            "version": "1.0.3"
        },
        {
            "name": "psr/http-factory",
            "version": "1.1.0"
        },
        {
            "name": "psr/http-message",
            "version": "2.0"
        },
        {
            "name": "psr/log",
            "version": "3.0.2"
        },
        {
            "name": "psr/simple-cache",
            "version": "3.0.0"
        },
        {
            "name": "psy/psysh",
            "version": "v0.12.23"
        },
        {
            "name": "ralouphie/getallheaders",
            "version": "3.0.3"
        },
        {
            "name": "ramsey/collection",
            "version": "2.1.1"
        },
        {
            "name": "ramsey/uuid",
            "version": "4.9.2"
        },
        {
            "name": "rap2hpoutre/fast-excel",
            "version": "v5.7.0"
        },
        {
            "name": "ryangjchandler/blade-capture-directive",
            "version": "v1.1.1"
        },
        {
            "name": "scrivo/highlight.php",
            "version": "v9.18.1.10"
        },
        {
            "name": "spatie/invade",
            "version": "2.1.0"
        },
        {
            "name": "spatie/laravel-package-tools",
            "version": "1.93.1"
        },
        {
            "name": "spatie/shiki-php",
            "version": "2.4.0"
        },
        {
            "name": "staabm/side-effects-detector",
            "version": "1.0.5"
        },
        {
            "name": "symfony/clock",
            "version": "v7.4.8"
        },
        {
            "name": "symfony/console",
            "version": "v7.4.13"
        },
        {
            "name": "symfony/css-selector",
            "version": "v7.4.9"
        },
        {
            "name": "symfony/deprecation-contracts",
            "version": "v3.7.0"
        },
        {
            "name": "symfony/error-handler",
            "version": "v7.4.8"
        },
        {
            "name": "symfony/event-dispatcher",
            "version": "v7.4.9"
        },
        {
            "name": "symfony/event-dispatcher-contracts",
            "version": "v3.7.0"
        },
        {
            "name": "symfony/finder",
            "version": "v7.4.8"
        },
        {
            "name": "symfony/html-sanitizer",
            "version": "v7.4.13"
        },
        {
            "name": "symfony/http-foundation",
            "version": "v7.4.13"
        },
        {
            "name": "symfony/http-kernel",
            "version": "v7.4.13"
        },
        {
            "name": "symfony/mailer",
            "version": "v7.4.12"
        },
        {
            "name": "symfony/mime",
            "version": "v7.4.13"
        },
        {
            "name": "symfony/polyfill-ctype",
            "version": "v1.37.0"
        },
        {
            "name": "symfony/polyfill-intl-grapheme",
            "version": "v1.38.1"
        },
        {
            "name": "symfony/polyfill-intl-idn",
            "version": "v1.38.1"
        },
        {
            "name": "symfony/polyfill-intl-normalizer",
            "version": "v1.38.0"
        },
        {
            "name": "symfony/polyfill-mbstring",
            "version": "v1.38.1"
        },
        {
            "name": "symfony/polyfill-php80",
            "version": "v1.37.0"
        },
        {
            "name": "symfony/polyfill-php83",
            "version": "v1.38.1"
        },
        {
            "name": "symfony/polyfill-php84",
            "version": "v1.38.1"
        },
        {
            "name": "symfony/polyfill-php85",
            "version": "v1.38.1"
        },
        {
            "name": "symfony/polyfill-uuid",
            "version": "v1.37.0"
        },
        {
            "name": "symfony/process",
            "version": "v7.4.13"
        },
        {
            "name": "symfony/routing",
            "version": "v7.4.13"
        },
        {
            "name": "symfony/service-contracts",
            "version": "v3.7.0"
        },
        {
            "name": "symfony/string",
            "version": "v7.4.13"
        },
        {
            "name": "symfony/translation",
            "version": "v7.4.10"
        },
        {
            "name": "symfony/translation-contracts",
            "version": "v3.7.0"
        },
        {
            "name": "symfony/uid",
            "version": "v7.4.9"
        },
        {
            "name": "symfony/var-dumper",
            "version": "v7.4.8"
        },
        {
            "name": "symfony/yaml",
            "version": "v7.4.13"
        },
        {
            "name": "tijsverkoyen/css-to-inline-styles",
            "version": "v2.4.0"
        },
        {
            "name": "ueberdosis/tiptap-php",
            "version": "2.1.0"
        },
        {
            "name": "vlucas/phpdotenv",
            "version": "v5.6.3"
        },
        {
            "name": "voku/portable-ascii",
            "version": "2.1.1"
        }
    ],
    "packages-dev": [
        {
            "name": "fakerphp/faker",
            "version": "v1.24.1"
        },
        {
            "name": "filp/whoops",
            "version": "2.18.4"
        },
        {
            "name": "hamcrest/hamcrest-php",
            "version": "v2.1.1"
        },
        {
            "name": "laravel/pint",
            "version": "v1.29.1"
        },
        {
            "name": "laravel/sail",
            "version": "v1.62.0"
        },
        {
            "name": "mockery/mockery",
            "version": "1.6.12"
        },
        {
            "name": "myclabs/deep-copy",
            "version": "1.13.4"
        },
        {
            "name": "nette/php-generator",
            "version": "v4.2.2"
        },
        {
            "name": "nikic/php-parser",
            "version": "v5.7.0"
        },
        {
            "name": "nunomaduro/collision",
            "version": "v8.9.4"
        },
        {
            "name": "phar-io/manifest",
            "version": "2.0.4"
        },
        {
            "name": "phar-io/version",
            "version": "3.2.1"
        },
        {
            "name": "phpunit/php-code-coverage",
            "version": "11.0.12"
        },
        {
            "name": "phpunit/php-file-iterator",
            "version": "5.1.1"
        },
        {
            "name": "phpunit/php-invoker",
            "version": "5.0.1"
        },
        {
            "name": "phpunit/php-text-template",
            "version": "4.0.1"
        },
        {
            "name": "phpunit/php-timer",
            "version": "7.0.1"
        },
        {
            "name": "phpunit/phpunit",
            "version": "11.5.55"
        },
        {
            "name": "sebastian/cli-parser",
            "version": "3.0.2"
        },
        {
            "name": "sebastian/code-unit",
            "version": "3.0.3"
        },
        {
            "name": "sebastian/comparator",
            "version": "6.3.3"
        },
        {
            "name": "sebastian/complexity",
            "version": "4.0.1"
        },
        {
            "name": "sebastian/diff",
            "version": "6.0.2"
        },
        {
            "name": "sebastian/environment",
            "version": "7.2.1"
        },
        {
            "name": "sebastian/exporter",
            "version": "6.3.2"
        },
        {
            "name": "sebastian/global-state",
            "version": "7.0.2"
        },
        {
            "name": "sebastian/lines-of-code",
            "version": "3.0.1"
        },
        {
            "name": "sebastian/object-enumerator",
            "version": "6.0.1"
        },
        {
            "name": "sebastian/object-reflector",
            "version": "4.0.1"
        },
        {
            "name": "sebastian/recursion-context",
            "version": "6.0.3"
        },
        {
            "name": "sebastian/type",
            "version": "5.1.3"
        },
        {
            "name": "sebastian/version",
            "version": "5.0.2"
        },
        {
            "name": "theseer/tokenizer",
            "version": "1.3.1"
        }
    ],
    "aliases": [],
    "minimum-stability": "stable",
    "stability-flags": {},
    "prefer-stable": true,
    "prefer-lowest": false,
    "platform": {
        "php": "^8.2 || ^8.3"
    },
    "platform-dev": {},
    "plugin-api-version": "2.6.0"
}